
Microsoft Visual Studio Solution File, Format Version 12.00
# Visual Studio Version 17
VisualStudioVersion = 17.14.36603.0 d17.14
MinimumVisualStudioVersion = 10.0.40219.1
Project("{FAE04EC0-301F-11D3-BF4B-00C04F79EFBC}") = "Tender_Tool_Logs_Lambda", "Tender_Tool_Logs_Lambda.csproj", "{5BCEF1A4-730A-3081-9FC4-E28E45EA18FC}"
EndProject
Global
	GlobalSection(SolutionConfigurationPlatforms) = preSolution
		Debug|Any CPU = Debug|Any CPU
		Release|Any CPU = Release|Any CPU
	EndGlobalSection
	GlobalSection(ProjectConfigurationPlatforms) = postSolution
		{5BCEF1A4-730A-3081-9FC4-E28E45EA18FC}.Debug|Any CPU.ActiveCfg = Debug|Any CPU
		{5BCEF1A4-730A-3081-9FC4-E28E45EA18FC}.Debug|Any CPU.Build.0 = Debug|Any CPU
		{5BCEF1A4-730A-3081-9FC4-E28E45EA18FC}.Release|Any CPU.ActiveCfg = Release|Any CPU
		{5BCEF1A4-730A-3081-9FC4-E28E45EA18FC}.Release|Any CPU.Build.0 = Release|Any CPU
	EndGlobalSection
	GlobalSection(SolutionProperties) = preSolution
		HideSolutionNode = FALSE
	EndGlobalSection
	GlobalSection(ExtensibilityGlobals) = postSolution
		SolutionGuid = {E22A950F-F8AF-4C8F-A40A-FAB21C80A652}
	EndGlobalSection
EndGlobal
